
Microsoft Visual Studio Solution File, Format Version 12.00
# Visual Studio Version 16
VisualStudioVersion = 16.0.30523.141
MinimumVisualStudioVersion = 10.0.40219.1
Project("{FAE04EC0-301F-11D3-BF4B-00C04F79EFBC}") = "SalaryProject", "SalaryProject\SalaryProject.csproj", "{A587EB40-AD1B-47F9-A57C-777FBD534150}"
EndProject
Project("{FAE04EC0-301F-11D3-BF4B-00C04F79EFBC}") = "SalaryCalculator", "SalaryCalculator\SalaryCalculator.csproj", "{D7E8CB46-A739-49A3-B611-9336C85C7CDE}"
EndProject
Project("{2150E333-8FDC-42A3-9474-1A3956D46DE8}") = "Lists", "Lists", "{E1E89C65-C997-42CD-ACC5-A7C5B3496A12}"
	ProjectSection(SolutionItems) = preProject
		HoursOfEmployees.txt = HoursOfEmployees.txt
		HoursOfFreelancers.txt = HoursOfFreelancers.txt
		HoursOfHeaders.txt = HoursOfHeaders.txt
		Members.txt = Members.txt
	EndProjectSection
EndProject
Global
	GlobalSection(SolutionConfigurationPlatforms) = preSolution
		Debug|Any CPU = Debug|Any CPU
		Release|Any CPU = Release|Any CPU
	EndGlobalSection
	GlobalSection(ProjectConfigurationPlatforms) = postSolution
		{A587EB40-AD1B-47F9-A57C-777FBD534150}.Debug|Any CPU.ActiveCfg = Debug|Any CPU
		{A587EB40-AD1B-47F9-A57C-777FBD534150}.Debug|Any CPU.Build.0 = Debug|Any CPU
		{A587EB40-AD1B-47F9-A57C-777FBD534150}.Release|Any CPU.ActiveCfg = Release|Any CPU
		{A587EB40-AD1B-47F9-A57C-777FBD534150}.Release|Any CPU.Build.0 = Release|Any CPU
		{D7E8CB46-A739-49A3-B611-9336C85C7CDE}.Debug|Any CPU.ActiveCfg = Debug|Any CPU
		{D7E8CB46-A739-49A3-B611-9336C85C7CDE}.Debug|Any CPU.Build.0 = Debug|Any CPU
		{D7E8CB46-A739-49A3-B611-9336C85C7CDE}.Release|Any CPU.ActiveCfg = Release|Any CPU
		{D7E8CB46-A739-49A3-B611-9336C85C7CDE}.Release|Any CPU.Build.0 = Release|Any CPU
	EndGlobalSection
	GlobalSection(SolutionProperties) = preSolution
		HideSolutionNode = FALSE
	EndGlobalSection
	GlobalSection(ExtensibilityGlobals) = postSolution
		SolutionGuid = {70206AD4-B4BB-4F51-A862-BE7464016443}
	EndGlobalSection
EndGlobal
